
Microsoft Visual Studio Solution File, Format Version 12.00
# Visual Studio Version 17
VisualStudioVersion = 17.9.34723.18
MinimumVisualStudioVersion = 10.0.40219.1
Project("{9A19103F-16F7-4668-BE54-9A1E7A4F7556}") = "Presentation", "Travel_and_Accommodation_Booking_Platform\Presentation.csproj", "{260A69D1-299E-49F7-9E61-839A0CE69D30}"
EndProject
Project("{9A19103F-16F7-4668-BE54-9A1E7A4F7556}") = "Infrastructure", "Infrastructure\Infrastructure.csproj", "{5A757F56-4F7A-4A4D-AE33-138F966D5CBA}"
EndProject
Project("{9A19103F-16F7-4668-BE54-9A1E7A4F7556}") = "Domain", "Domain\Domain.csproj", "{28B6EEDD-E26E-4AD5-8C6D-B89121DA378A}"
EndProject
Project("{9A19103F-16F7-4668-BE54-9A1E7A4F7556}") = "Application", "Application\Application.csproj", "{5E7E895C-E0F4-493E-AE1C-A109D7B2F548}"
EndProject
Project("{9A19103F-16F7-4668-BE54-9A1E7A4F7556}") = "Pay", "PayPal\Pay.csproj", "{E03A7C32-E663-4C68-AC5F-E1C8E284D5F1}"
EndProject
Project("{9A19103F-16F7-4668-BE54-9A1E7A4F7556}") = "TABPTesting", "TABPTesting\TABPTesting.csproj", "{F667D52A-6DBE-441D-8D36-4790CA8D99A5}"
EndProject
Project("{FAE04EC0-301F-11D3-BF4B-00C04F79EFBC}") = "EmailService", "EmailService\EmailService.csproj", "{9E25C9B1-4135-4A82-AA84-A16BEAE8E00F}"
EndProject
Global
	GlobalSection(SolutionConfigurationPlatforms) = preSolution
		Debug|Any CPU = Debug|Any CPU
		Release|Any CPU = Release|Any CPU
	EndGlobalSection
	GlobalSection(ProjectConfigurationPlatforms) = postSolution
		{260A69D1-299E-49F7-9E61-839A0CE69D30}.Debug|Any CPU.ActiveCfg = Debug|Any CPU
		{260A69D1-299E-49F7-9E61-839A0CE69D30}.Debug|Any CPU.Build.0 = Debug|Any CPU
		{260A69D1-299E-49F7-9E61-839A0CE69D30}.Release|Any CPU.ActiveCfg = Release|Any CPU
		{260A69D1-299E-49F7-9E61-839A0CE69D30}.Release|Any CPU.Build.0 = Release|Any CPU
		{5A757F56-4F7A-4A4D-AE33-138F966D5CBA}.Debug|Any CPU.ActiveCfg = Debug|Any CPU
		{5A757F56-4F7A-4A4D-AE33-138F966D5CBA}.Debug|Any CPU.Build.0 = Debug|Any CPU
		{5A757F56-4F7A-4A4D-AE33-138F966D5CBA}.Release|Any CPU.ActiveCfg = Release|Any CPU
		{5A757F56-4F7A-4A4D-AE33-138F966D5CBA}.Release|Any CPU.Build.0 = Release|Any CPU
		{28B6EEDD-E26E-4AD5-8C6D-B89121DA378A}.Debug|Any CPU.ActiveCfg = Debug|Any CPU
		{28B6EEDD-E26E-4AD5-8C6D-B89121DA378A}.Debug|Any CPU.Build.0 = Debug|Any CPU
		{28B6EEDD-E26E-4AD5-8C6D-B89121DA378A}.Release|Any CPU.ActiveCfg = Release|Any CPU
		{28B6EEDD-E26E-4AD5-8C6D-B89121DA378A}.Release|Any CPU.Build.0 = Release|Any CPU
		{5E7E895C-E0F4-493E-AE1C-A109D7B2F548}.Debug|Any CPU.ActiveCfg = Debug|Any CPU
		{5E7E895C-E0F4-493E-AE1C-A109D7B2F548}.Debug|Any CPU.Build.0 = Debug|Any CPU
		{5E7E895C-E0F4-493E-AE1C-A109D7B2F548}.Release|Any CPU.ActiveCfg = Release|Any CPU
		{5E7E895C-E0F4-493E-AE1C-A109D7B2F548}.Release|Any CPU.Build.0 = Release|Any CPU
		{E03A7C32-E663-4C68-AC5F-E1C8E284D5F1}.Debug|Any CPU.ActiveCfg = Debug|Any CPU
		{E03A7C32-E663-4C68-AC5F-E1C8E284D5F1}.Debug|Any CPU.Build.0 = Debug|Any CPU
		{E03A7C32-E663-4C68-AC5F-E1C8E284D5F1}.Release|Any CPU.ActiveCfg = Release|Any CPU
		{E03A7C32-E663-4C68-AC5F-E1C8E284D5F1}.Release|Any CPU.Build.0 = Release|Any CPU
		{F667D52A-6DBE-441D-8D36-4790CA8D99A5}.Debug|Any CPU.ActiveCfg = Debug|Any CPU
		{F667D52A-6DBE-441D-8D36-4790CA8D99A5}.Debug|Any CPU.Build.0 = Debug|Any CPU
		{F667D52A-6DBE-441D-8D36-4790CA8D99A5}.Release|Any CPU.ActiveCfg = Release|Any CPU
		{F667D52A-6DBE-441D-8D36-4790CA8D99A5}.Release|Any CPU.Build.0 = Release|Any CPU
		{9E25C9B1-4135-4A82-AA84-A16BEAE8E00F}.Debug|Any CPU.ActiveCfg = Debug|Any CPU
		{9E25C9B1-4135-4A82-AA84-A16BEAE8E00F}.Debug|Any CPU.Build.0 = Debug|Any CPU
		{9E25C9B1-4135-4A82-AA84-A16BEAE8E00F}.Release|Any CPU.ActiveCfg = Release|Any CPU
		{9E25C9B1-4135-4A82-AA84-A16BEAE8E00F}.Release|Any CPU.Build.0 = Release|Any CPU
	EndGlobalSection
	GlobalSection(SolutionProperties) = preSolution
		HideSolutionNode = FALSE
	EndGlobalSection
	GlobalSection(ExtensibilityGlobals) = postSolution
		SolutionGuid = {134C7289-5796-410C-BC0F-79592DEC3CAC}
	EndGlobalSection
EndGlobal
